// !$*UTF8*$!
{
	archiveVersion = 1;
	classes = {
	};
	objectVersion = 56;
	objects = {

/* Begin PBXBuildFile section */
		7125C5712A5853E600BBEDE3 /* Storable.swift in Sources */ = {isa = PBXBuildFile; fileRef = 7125C5702A5853E600BBEDE3 /* Storable.swift */; };
		7125C5732A585C3200BBEDE3 /* Plastic.swift in Sources */ = {isa = PBXBuildFile; fileRef = 7125C5722A585C3200BBEDE3 /* Plastic.swift */; };
		7125C5752A585EE400BBEDE3 /* Fluctuating.swift in Sources */ = {isa = PBXBuildFile; fileRef = 7125C5742A585EE400BBEDE3 /* Fluctuating.swift */; };
		7125C5782A58634B00BBEDE3 /* Storehouse.swift in Sources */ = {isa = PBXBuildFile; fileRef = 7125C5772A58634B00BBEDE3 /* Storehouse.swift */; };
		7125C57A2A5867ED00BBEDE3 /* Compiler.swift in Sources */ = {isa = PBXBuildFile; fileRef = 7125C5792A5867ED00BBEDE3 /* Compiler.swift */; };
		7125C57C2A586B4900BBEDE3 /* Condition.swift in Sources */ = {isa = PBXBuildFile; fileRef = 7125C57B2A586B4900BBEDE3 /* Condition.swift */; };
		7125C57E2A586C0700BBEDE3 /* Expressive.swift in Sources */ = {isa = PBXBuildFile; fileRef = 7125C57D2A586C0700BBEDE3 /* Expressive.swift */; };
		7125C5802A587C7900BBEDE3 /* Limitation.swift in Sources */ = {isa = PBXBuildFile; fileRef = 7125C57F2A587C7900BBEDE3 /* Limitation.swift */; };
		7125C5822A58D89700BBEDE3 /* Address.swift in Sources */ = {isa = PBXBuildFile; fileRef = 7125C5812A58D89700BBEDE3 /* Address.swift */; };
		7125C5842A58DC5C00BBEDE3 /* innate.db in Resources */ = {isa = PBXBuildFile; fileRef = 7125C5832A58DC5B00BBEDE3 /* innate.db */; };
		7125C5872A58DD1E00BBEDE3 /* Book.swift in Sources */ = {isa = PBXBuildFile; fileRef = 7125C5862A58DD1E00BBEDE3 /* Book.swift */; };
		7125C58B2A58EBF100BBEDE3 /* Constraint.swift in Sources */ = {isa = PBXBuildFile; fileRef = 7125C58A2A58EBF100BBEDE3 /* Constraint.swift */; };
		7125C58D2A58F36F00BBEDE3 /* Tableable.swift in Sources */ = {isa = PBXBuildFile; fileRef = 7125C58C2A58F36F00BBEDE3 /* Tableable.swift */; };
		7125C58F2A58F44300BBEDE3 /* Columnable.swift in Sources */ = {isa = PBXBuildFile; fileRef = 7125C58E2A58F44300BBEDE3 /* Columnable.swift */; };
		7125C5962A594E5300BBEDE3 /* CompilerTests.swift in Sources */ = {isa = PBXBuildFile; fileRef = 7125C5952A594E5300BBEDE3 /* CompilerTests.swift */; };
		7149B9402A599DE0005EB346 /* Data+.swift in Sources */ = {isa = PBXBuildFile; fileRef = 7149B93F2A599DE0005EB346 /* Data+.swift */; };
		7149B9422A59B12B005EB346 /* Configuration.swift in Sources */ = {isa = PBXBuildFile; fileRef = 7149B9412A59B12B005EB346 /* Configuration.swift */; };
		7179DA492A59C4CC00F883DB /* SharpArrayCharacterizable.swift in Sources */ = {isa = PBXBuildFile; fileRef = 7179DA482A59C4CC00F883DB /* SharpArrayCharacterizable.swift */; };
		7179DA4B2A59CAC200F883DB /* JSONSerializable.swift in Sources */ = {isa = PBXBuildFile; fileRef = 7179DA4A2A59CAC200F883DB /* JSONSerializable.swift */; };
		7179DA4D2A59CAE900F883DB /* JSONUtfCodable.swift in Sources */ = {isa = PBXBuildFile; fileRef = 7179DA4C2A59CAE900F883DB /* JSONUtfCodable.swift */; };
		7179DA4F2A59CB0C00F883DB /* JSONDataCodable.swift in Sources */ = {isa = PBXBuildFile; fileRef = 7179DA4E2A59CB0C00F883DB /* JSONDataCodable.swift */; };
		7179DA512A59CB3700F883DB /* AESEncryptable.swift in Sources */ = {isa = PBXBuildFile; fileRef = 7179DA502A59CB3700F883DB /* AESEncryptable.swift */; };
		7179DA552A59D55100F883DB /* README.md in Resources */ = {isa = PBXBuildFile; fileRef = 7179DA542A59D55100F883DB /* README.md */; };
		718DCD112A57CD7C005D4414 /* Squib.docc in Sources */ = {isa = PBXBuildFile; fileRef = 718DCD102A57CD7C005D4414 /* Squib.docc */; };
		718DCD172A57CD7C005D4414 /* Squib.framework in Frameworks */ = {isa = PBXBuildFile; fileRef = 718DCD0C2A57CD7C005D4414 /* Squib.framework */; };
		718DCD1D2A57CD7C005D4414 /* Squib.h in Headers */ = {isa = PBXBuildFile; fileRef = 718DCD0F2A57CD7C005D4414 /* Squib.h */; settings = {ATTRIBUTES = (Public, ); }; };
		718DCD282A57CF90005D4414 /* libsqlite3.tbd in Frameworks */ = {isa = PBXBuildFile; fileRef = 718DCD272A57CF8C005D4414 /* libsqlite3.tbd */; };
		718DCD2B2A57CFBA005D4414 /* Runtime in Frameworks */ = {isa = PBXBuildFile; productRef = 718DCD2A2A57CFBA005D4414 /* Runtime */; };
		718DCD372A57DB96005D4414 /* String+.swift in Sources */ = {isa = PBXBuildFile; fileRef = 718DCD362A57DB96005D4414 /* String+.swift */; };
		718DCD392A57DBAA005D4414 /* Knife.swift in Sources */ = {isa = PBXBuildFile; fileRef = 718DCD382A57DBAA005D4414 /* Knife.swift */; };
		718DCD3D2A57E7ED005D4414 /* Constant.swift in Sources */ = {isa = PBXBuildFile; fileRef = 718DCD3C2A57E7ED005D4414 /* Constant.swift */; };
		718DCD3F2A57E913005D4414 /* Bindable.swift in Sources */ = {isa = PBXBuildFile; fileRef = 718DCD3E2A57E913005D4414 /* Bindable.swift */; };
		718DCD412A57E972005D4414 /* Statement.swift in Sources */ = {isa = PBXBuildFile; fileRef = 718DCD402A57E972005D4414 /* Statement.swift */; };
		718DCD432A57E9D7005D4414 /* Connection.swift in Sources */ = {isa = PBXBuildFile; fileRef = 718DCD422A57E9D7005D4414 /* Connection.swift */; };
		718DCD452A57EC7E005D4414 /* SquibError.swift in Sources */ = {isa = PBXBuildFile; fileRef = 718DCD442A57EC7E005D4414 /* SquibError.swift */; };
		71AC8B512A5950BA0038811B /* Reflectable.swift in Sources */ = {isa = PBXBuildFile; fileRef = 71AC8B502A5950BA0038811B /* Reflectable.swift */; };
		71AC8B532A5952E20038811B /* Phantom.swift in Sources */ = {isa = PBXBuildFile; fileRef = 71AC8B522A5952E20038811B /* Phantom.swift */; };
		71AC8B552A595A5F0038811B /* Rebuildable.swift in Sources */ = {isa = PBXBuildFile; fileRef = 71AC8B542A595A5F0038811B /* Rebuildable.swift */; };
		71AC8B572A597CFC0038811B /* FluctuatingTests.swift in Sources */ = {isa = PBXBuildFile; fileRef = 71AC8B562A597CFC0038811B /* FluctuatingTests.swift */; };
/* End PBXBuildFile section */

/* Begin PBXContainerItemProxy section */
		718DCD182A57CD7C005D4414 /* PBXContainerItemProxy */ = {
			isa = PBXContainerItemProxy;
			containerPortal = 718DCD032A57CD7C005D4414 /* Project object */;
			proxyType = 1;
			remoteGlobalIDString = 718DCD0B2A57CD7C005D4414;
			remoteInfo = Squib;
		};
/* End PBXContainerItemProxy section */

/* Begin PBXFileReference section */
		7125C5702A5853E600BBEDE3 /* Storable.swift */ = {isa = PBXFileReference; lastKnownFileType = sourcecode.swift; path = Storable.swift; sourceTree = "<group>"; };
		7125C5722A585C3200BBEDE3 /* Plastic.swift */ = {isa = PBXFileReference; lastKnownFileType = sourcecode.swift; path = Plastic.swift; sourceTree = "<group>"; };
		7125C5742A585EE400BBEDE3 /* Fluctuating.swift */ = {isa = PBXFileReference; lastKnownFileType = sourcecode.swift; path = Fluctuating.swift; sourceTree = "<group>"; };
		7125C5772A58634B00BBEDE3 /* Storehouse.swift */ = {isa = PBXFileReference; lastKnownFileType = sourcecode.swift; path = Storehouse.swift; sourceTree = "<group>"; };
		7125C5792A5867ED00BBEDE3 /* Compiler.swift */ = {isa = PBXFileReference; lastKnownFileType = sourcecode.swift; path = Compiler.swift; sourceTree = "<group>"; };
		7125C57B2A586B4900BBEDE3 /* Condition.swift */ = {isa = PBXFileReference; lastKnownFileType = sourcecode.swift; path = Condition.swift; sourceTree = "<group>"; };
		7125C57D2A586C0700BBEDE3 /* Expressive.swift */ = {isa = PBXFileReference; lastKnownFileType = sourcecode.swift; path = Expressive.swift; sourceTree = "<group>"; };
		7125C57F2A587C7900BBEDE3 /* Limitation.swift */ = {isa = PBXFileReference; lastKnownFileType = sourcecode.swift; path = Limitation.swift; sourceTree = "<group>"; };
		7125C5812A58D89700BBEDE3 /* Address.swift */ = {isa = PBXFileReference; lastKnownFileType = sourcecode.swift; path = Address.swift; sourceTree = "<group>"; };
		7125C5832A58DC5B00BBEDE3 /* innate.db */ = {isa = PBXFileReference; lastKnownFileType = file; path = innate.db; sourceTree = "<group>"; };
		7125C5862A58DD1E00BBEDE3 /* Book.swift */ = {isa = PBXFileReference; lastKnownFileType = sourcecode.swift; path = Book.swift; sourceTree = "<group>"; };
		7125C58A2A58EBF100BBEDE3 /* Constraint.swift */ = {isa = PBXFileReference; lastKnownFileType = sourcecode.swift; path = Constraint.swift; sourceTree = "<group>"; };
		7125C58C2A58F36F00BBEDE3 /* Tableable.swift */ = {isa = PBXFileReference; lastKnownFileType = sourcecode.swift; path = Tableable.swift; sourceTree = "<group>"; };
		7125C58E2A58F44300BBEDE3 /* Columnable.swift */ = {isa = PBXFileReference; lastKnownFileType = sourcecode.swift; path = Columnable.swift; sourceTree = "<group>"; };
		7125C5952A594E5300BBEDE3 /* CompilerTests.swift */ = {isa = PBXFileReference; lastKnownFileType = sourcecode.swift; path = CompilerTests.swift; sourceTree = "<group>"; };
		7149B93F2A599DE0005EB346 /* Data+.swift */ = {isa = PBXFileReference; lastKnownFileType = sourcecode.swift; path = "Data+.swift"; sourceTree = "<group>"; };
		7149B9412A59B12B005EB346 /* Configuration.swift */ = {isa = PBXFileReference; lastKnownFileType = sourcecode.swift; path = Configuration.swift; sourceTree = "<group>"; };
		7179DA482A59C4CC00F883DB /* SharpArrayCharacterizable.swift */ = {isa = PBXFileReference; lastKnownFileType = sourcecode.swift; path = SharpArrayCharacterizable.swift; sourceTree = "<group>"; };
		7179DA4A2A59CAC200F883DB /* JSONSerializable.swift */ = {isa = PBXFileReference; lastKnownFileType = sourcecode.swift; path = JSONSerializable.swift; sourceTree = "<group>"; };
		7179DA4C2A59CAE900F883DB /* JSONUtfCodable.swift */ = {isa = PBXFileReference; lastKnownFileType = sourcecode.swift; path = JSONUtfCodable.swift; sourceTree = "<group>"; };
		7179DA4E2A59CB0C00F883DB /* JSONDataCodable.swift */ = {isa = PBXFileReference; lastKnownFileType = sourcecode.swift; path = JSONDataCodable.swift; sourceTree = "<group>"; };
		7179DA502A59CB3700F883DB /* AESEncryptable.swift */ = {isa = PBXFileReference; lastKnownFileType = sourcecode.swift; path = AESEncryptable.swift; sourceTree = "<group>"; };
		7179DA542A59D55100F883DB /* README.md */ = {isa = PBXFileReference; fileEncoding = 4; lastKnownFileType = net.daringfireball.markdown; path = README.md; sourceTree = "<group>"; };
		718DCD0C2A57CD7C005D4414 /* Squib.framework */ = {isa = PBXFileReference; explicitFileType = wrapper.framework; includeInIndex = 0; path = Squib.framework; sourceTree = BUILT_PRODUCTS_DIR; };
		718DCD0F2A57CD7C005D4414 /* Squib.h */ = {isa = PBXFileReference; lastKnownFileType = sourcecode.c.h; path = Squib.h; sourceTree = "<group>"; };
		718DCD102A57CD7C005D4414 /* Squib.docc */ = {isa = PBXFileReference; lastKnownFileType = folder.documentationcatalog; path = Squib.docc; sourceTree = "<group>"; };
		718DCD162A57CD7C005D4414 /* SquibTests.xctest */ = {isa = PBXFileReference; explicitFileType = wrapper.cfbundle; includeInIndex = 0; path = SquibTests.xctest; sourceTree = BUILT_PRODUCTS_DIR; };
		718DCD272A57CF8C005D4414 /* libsqlite3.tbd */ = {isa = PBXFileReference; lastKnownFileType = "sourcecode.text-based-dylib-definition"; name = libsqlite3.tbd; path = Platforms/MacOSX.platform/Developer/SDKs/MacOSX13.3.sdk/usr/lib/libsqlite3.tbd; sourceTree = DEVELOPER_DIR; };
		718DCD362A57DB96005D4414 /* String+.swift */ = {isa = PBXFileReference; lastKnownFileType = sourcecode.swift; path = "String+.swift"; sourceTree = "<group>"; };
		718DCD382A57DBAA005D4414 /* Knife.swift */ = {isa = PBXFileReference; lastKnownFileType = sourcecode.swift; path = Knife.swift; sourceTree = "<group>"; };
		718DCD3C2A57E7ED005D4414 /* Constant.swift */ = {isa = PBXFileReference; lastKnownFileType = sourcecode.swift; path = Constant.swift; sourceTree = "<group>"; };
		718DCD3E2A57E913005D4414 /* Bindable.swift */ = {isa = PBXFileReference; lastKnownFileType = sourcecode.swift; path = Bindable.swift; sourceTree = "<group>"; };
		718DCD402A57E972005D4414 /* Statement.swift */ = {isa = PBXFileReference; lastKnownFileType = sourcecode.swift; path = Statement.swift; sourceTree = "<group>"; };
		718DCD422A57E9D7005D4414 /* Connection.swift */ = {isa = PBXFileReference; lastKnownFileType = sourcecode.swift; path = Connection.swift; sourceTree = "<group>"; };
		718DCD442A57EC7E005D4414 /* SquibError.swift */ = {isa = PBXFileReference; lastKnownFileType = sourcecode.swift; path = SquibError.swift; sourceTree = "<group>"; };
		71AC8B502A5950BA0038811B /* Reflectable.swift */ = {isa = PBXFileReference; lastKnownFileType = sourcecode.swift; path = Reflectable.swift; sourceTree = "<group>"; };
		71AC8B522A5952E20038811B /* Phantom.swift */ = {isa = PBXFileReference; lastKnownFileType = sourcecode.swift; path = Phantom.swift; sourceTree = "<group>"; };
		71AC8B542A595A5F0038811B /* Rebuildable.swift */ = {isa = PBXFileReference; lastKnownFileType = sourcecode.swift; path = Rebuildable.swift; sourceTree = "<group>"; };
		71AC8B562A597CFC0038811B /* FluctuatingTests.swift */ = {isa = PBXFileReference; lastKnownFileType = sourcecode.swift; path = FluctuatingTests.swift; sourceTree = "<group>"; };
/* End PBXFileReference section */

/* Begin PBXFrameworksBuildPhase section */
		718DCD092A57CD7C005D4414 /* Frameworks */ = {
			isa = PBXFrameworksBuildPhase;
			buildActionMask = 2147483647;
			files = (
				718DCD282A57CF90005D4414 /* libsqlite3.tbd in Frameworks */,
				718DCD2B2A57CFBA005D4414 /* Runtime in Frameworks */,
			);
			runOnlyForDeploymentPostprocessing = 0;
		};
		718DCD132A57CD7C005D4414 /* Frameworks */ = {
			isa = PBXFrameworksBuildPhase;
			buildActionMask = 2147483647;
			files = (
				718DCD172A57CD7C005D4414 /* Squib.framework in Frameworks */,
			);
			runOnlyForDeploymentPostprocessing = 0;
		};
/* End PBXFrameworksBuildPhase section */

/* Begin PBXGroup section */
		7125C5762A585EED00BBEDE3 /* Protocols */ = {
			isa = PBXGroup;
			children = (
				718DCD3E2A57E913005D4414 /* Bindable.swift */,
				7125C5742A585EE400BBEDE3 /* Fluctuating.swift */,
				7125C5722A585C3200BBEDE3 /* Plastic.swift */,
				7125C5702A5853E600BBEDE3 /* Storable.swift */,
				7125C57D2A586C0700BBEDE3 /* Expressive.swift */,
				7125C58C2A58F36F00BBEDE3 /* Tableable.swift */,
				71AC8B502A5950BA0038811B /* Reflectable.swift */,
				71AC8B542A595A5F0038811B /* Rebuildable.swift */,
				71AC8B522A5952E20038811B /* Phantom.swift */,
			);
			path = Protocols;
			sourceTree = "<group>";
		};
		7125C5852A58DCE600BBEDE3 /* Models */ = {
			isa = PBXGroup;
			children = (
				7125C5862A58DD1E00BBEDE3 /* Book.swift */,
			);
			path = Models;
			sourceTree = "<group>";
		};
		7125C5942A594E3800BBEDE3 /* Tests */ = {
			isa = PBXGroup;
			children = (
				7125C5952A594E5300BBEDE3 /* CompilerTests.swift */,
				71AC8B562A597CFC0038811B /* FluctuatingTests.swift */,
			);
			path = Tests;
			sourceTree = "<group>";
		};
		7179DA472A59C4C200F883DB /* Wrappers */ = {
			isa = PBXGroup;
			children = (
				7179DA482A59C4CC00F883DB /* SharpArrayCharacterizable.swift */,
				7179DA4A2A59CAC200F883DB /* JSONSerializable.swift */,
				7179DA4C2A59CAE900F883DB /* JSONUtfCodable.swift */,
				7179DA4E2A59CB0C00F883DB /* JSONDataCodable.swift */,
				7179DA502A59CB3700F883DB /* AESEncryptable.swift */,
				7125C58E2A58F44300BBEDE3 /* Columnable.swift */,
			);
			path = Wrappers;
			sourceTree = "<group>";
		};
		718DCD022A57CD7C005D4414 = {
			isa = PBXGroup;
			children = (
				7179DA542A59D55100F883DB /* README.md */,
				718DCD0E2A57CD7C005D4414 /* Squib */,
				718DCD1A2A57CD7C005D4414 /* SquibTests */,
				718DCD0D2A57CD7C005D4414 /* Products */,
				718DCD262A57CF8C005D4414 /* Frameworks */,
			);
			sourceTree = "<group>";
		};
		718DCD0D2A57CD7C005D4414 /* Products */ = {
			isa = PBXGroup;
			children = (
				718DCD0C2A57CD7C005D4414 /* Squib.framework */,
				718DCD162A57CD7C005D4414 /* SquibTests.xctest */,
			);
			name = Products;
			sourceTree = "<group>";
		};
		718DCD0E2A57CD7C005D4414 /* Squib */ = {
			isa = PBXGroup;
			children = (
				7179DA472A59C4C200F883DB /* Wrappers */,
				7125C5762A585EED00BBEDE3 /* Protocols */,
				718DCD352A57DB8A005D4414 /* Helpers */,
				718DCD342A57DB83005D4414 /* Extensions */,
				718DCD312A57DAA3005D4414 /* Models */,
				718DCD0F2A57CD7C005D4414 /* Squib.h */,
				718DCD102A57CD7C005D4414 /* Squib.docc */,
			);
			path = Squib;
			sourceTree = "<group>";
		};
		718DCD1A2A57CD7C005D4414 /* SquibTests */ = {
			isa = PBXGroup;
			children = (
				718DCD2E2A57D0CB005D4414 /* Resources */,
				7125C5942A594E3800BBEDE3 /* Tests */,
				7125C5852A58DCE600BBEDE3 /* Models */,
			);
			path = SquibTests;
			sourceTree = "<group>";
		};
		718DCD262A57CF8C005D4414 /* Frameworks */ = {
			isa = PBXGroup;
			children = (
				718DCD272A57CF8C005D4414 /* libsqlite3.tbd */,
			);
			name = Frameworks;
			sourceTree = "<group>";
		};
		718DCD2E2A57D0CB005D4414 /* Resources */ = {
			isa = PBXGroup;
			children = (
				7125C5832A58DC5B00BBEDE3 /* innate.db */,
			);
			path = Resources;
			sourceTree = "<group>";
		};
		718DCD312A57DAA3005D4414 /* Models */ = {
			isa = PBXGroup;
			children = (
				718DCD402A57E972005D4414 /* Statement.swift */,
				718DCD422A57E9D7005D4414 /* Connection.swift */,
				718DCD442A57EC7E005D4414 /* SquibError.swift */,
				7125C5792A5867ED00BBEDE3 /* Compiler.swift */,
				7125C57B2A586B4900BBEDE3 /* Condition.swift */,
				7125C57F2A587C7900BBEDE3 /* Limitation.swift */,
				7125C5812A58D89700BBEDE3 /* Address.swift */,
				7125C58A2A58EBF100BBEDE3 /* Constraint.swift */,
			);
			path = Models;
			sourceTree = "<group>";
		};
		718DCD342A57DB83005D4414 /* Extensions */ = {
			isa = PBXGroup;
			children = (
				718DCD362A57DB96005D4414 /* String+.swift */,
				7149B93F2A599DE0005EB346 /* Data+.swift */,
			);
			path = Extensions;
			sourceTree = "<group>";
		};
		718DCD352A57DB8A005D4414 /* Helpers */ = {
			isa = PBXGroup;
			children = (
				718DCD382A57DBAA005D4414 /* Knife.swift */,
				718DCD3C2A57E7ED005D4414 /* Constant.swift */,
				7125C5772A58634B00BBEDE3 /* Storehouse.swift */,
				7149B9412A59B12B005EB346 /* Configuration.swift */,
			);
			path = Helpers;
			sourceTree = "<group>";
		};
/* End PBXGroup section */

/* Begin PBXHeadersBuildPhase section */
		718DCD072A57CD7C005D4414 /* Headers */ = {
			isa = PBXHeadersBuildPhase;
			buildActionMask = 2147483647;
			files = (
				718DCD1D2A57CD7C005D4414 /* Squib.h in Headers */,
			);
			runOnlyForDeploymentPostprocessing = 0;
		};
/* End PBXHeadersBuildPhase section */

/* Begin PBXNativeTarget section */
		718DCD0B2A57CD7C005D4414 /* Squib */ = {
			isa = PBXNativeTarget;
			buildConfigurationList = 718DCD202A57CD7C005D4414 /* Build configuration list for PBXNativeTarget "Squib" */;
			buildPhases = (
				718DCD072A57CD7C005D4414 /* Headers */,
				718DCD082A57CD7C005D4414 /* Sources */,
				718DCD092A57CD7C005D4414 /* Frameworks */,
				718DCD0A2A57CD7C005D4414 /* Resources */,
			);
			buildRules = (
			);
			dependencies = (
			);
			name = Squib;
			packageProductDependencies = (
				718DCD2A2A57CFBA005D4414 /* Runtime */,
			);
			productName = Squib;
			productReference = 718DCD0C2A57CD7C005D4414 /* Squib.framework */;
			productType = "com.apple.product-type.framework";
		};
		718DCD152A57CD7C005D4414 /* SquibTests */ = {
			isa = PBXNativeTarget;
			buildConfigurationList = 718DCD232A57CD7C005D4414 /* Build configuration list for PBXNativeTarget "SquibTests" */;
			buildPhases = (
				718DCD122A57CD7C005D4414 /* Sources */,
				718DCD132A57CD7C005D4414 /* Frameworks */,
				718DCD142A57CD7C005D4414 /* Resources */,
			);
			buildRules = (
			);
			dependencies = (
				718DCD192A57CD7C005D4414 /* PBXTargetDependency */,
			);
			name = SquibTests;
			productName = SquibTests;
			productReference = 718DCD162A57CD7C005D4414 /* SquibTests.xctest */;
			productType = "com.apple.product-type.bundle.unit-test";
		};
/* End PBXNativeTarget section */

/* Begin PBXProject section */
		718DCD032A57CD7C005D4414 /* Project object */ = {
			isa = PBXProject;
			attributes = {
				BuildIndependentTargetsInParallel = 1;
				LastSwiftUpdateCheck = 1430;
				LastUpgradeCheck = 1430;
				TargetAttributes = {
					718DCD0B2A57CD7C005D4414 = {
						CreatedOnToolsVersion = 14.3;
					};
					718DCD152A57CD7C005D4414 = {
						CreatedOnToolsVersion = 14.3;
					};
				};
			};
			buildConfigurationList = 718DCD062A57CD7C005D4414 /* Build configuration list for PBXProject "Squib" */;
			compatibilityVersion = "Xcode 14.0";
			developmentRegion = en;
			hasScannedForEncodings = 0;
			knownRegions = (
				en,
				Base,
			);
			mainGroup = 718DCD022A57CD7C005D4414;
			packageReferences = (
				718DCD292A57CFBA005D4414 /* XCRemoteSwiftPackageReference "Runtime" */,
			);
			productRefGroup = 718DCD0D2A57CD7C005D4414 /* Products */;
			projectDirPath = "";
			projectRoot = "";
			targets = (
				718DCD0B2A57CD7C005D4414 /* Squib */,
				718DCD152A57CD7C005D4414 /* SquibTests */,
			);
		};
/* End PBXProject section */

/* Begin PBXResourcesBuildPhase section */
		718DCD0A2A57CD7C005D4414 /* Resources */ = {
			isa = PBXResourcesBuildPhase;
			buildActionMask = 2147483647;
			files = (
				7179DA552A59D55100F883DB /* README.md in Resources */,
			);
			runOnlyForDeploymentPostprocessing = 0;
		};
		718DCD142A57CD7C005D4414 /* Resources */ = {
			isa = PBXResourcesBuildPhase;
			buildActionMask = 2147483647;
			files = (
				7125C5842A58DC5C00BBEDE3 /* innate.db in Resources */,
			);
			runOnlyForDeploymentPostprocessing = 0;
		};
/* End PBXResourcesBuildPhase section */

/* Begin PBXSourcesBuildPhase section */
		718DCD082A57CD7C005D4414 /* Sources */ = {
			isa = PBXSourcesBuildPhase;
			buildActionMask = 2147483647;
			files = (
				7125C57C2A586B4900BBEDE3 /* Condition.swift in Sources */,
				718DCD432A57E9D7005D4414 /* Connection.swift in Sources */,
				718DCD3F2A57E913005D4414 /* Bindable.swift in Sources */,
				7149B9402A599DE0005EB346 /* Data+.swift in Sources */,
				7179DA4D2A59CAE900F883DB /* JSONUtfCodable.swift in Sources */,
				7125C5732A585C3200BBEDE3 /* Plastic.swift in Sources */,
				7125C58F2A58F44300BBEDE3 /* Columnable.swift in Sources */,
				7125C5822A58D89700BBEDE3 /* Address.swift in Sources */,
				718DCD372A57DB96005D4414 /* String+.swift in Sources */,
				7125C5752A585EE400BBEDE3 /* Fluctuating.swift in Sources */,
				7125C58B2A58EBF100BBEDE3 /* Constraint.swift in Sources */,
				7125C5782A58634B00BBEDE3 /* Storehouse.swift in Sources */,
				71AC8B532A5952E20038811B /* Phantom.swift in Sources */,
				7125C57A2A5867ED00BBEDE3 /* Compiler.swift in Sources */,
				7179DA512A59CB3700F883DB /* AESEncryptable.swift in Sources */,
				718DCD112A57CD7C005D4414 /* Squib.docc in Sources */,
				7125C57E2A586C0700BBEDE3 /* Expressive.swift in Sources */,
				7179DA492A59C4CC00F883DB /* SharpArrayCharacterizable.swift in Sources */,
				718DCD392A57DBAA005D4414 /* Knife.swift in Sources */,
				7179DA4F2A59CB0C00F883DB /* JSONDataCodable.swift in Sources */,
				718DCD3D2A57E7ED005D4414 /* Constant.swift in Sources */,
				7125C5712A5853E600BBEDE3 /* Storable.swift in Sources */,
				7179DA4B2A59CAC200F883DB /* JSONSerializable.swift in Sources */,
				71AC8B552A595A5F0038811B /* Rebuildable.swift in Sources */,
				7125C5802A587C7900BBEDE3 /* Limitation.swift in Sources */,
				7149B9422A59B12B005EB346 /* Configuration.swift in Sources */,
				7125C58D2A58F36F00BBEDE3 /* Tableable.swift in Sources */,
				718DCD452A57EC7E005D4414 /* SquibError.swift in Sources */,
				71AC8B512A5950BA0038811B /* Reflectable.swift in Sources */,
				718DCD412A57E972005D4414 /* Statement.swift in Sources */,
			);
			runOnlyForDeploymentPostprocessing = 0;
		};
		718DCD122A57CD7C005D4414 /* Sources */ = {
			isa = PBXSourcesBuildPhase;
			buildActionMask = 2147483647;
			files = (
				7125C5872A58DD1E00BBEDE3 /* Book.swift in Sources */,
				7125C5962A594E5300BBEDE3 /* CompilerTests.swift in Sources */,
				71AC8B572A597CFC0038811B /* FluctuatingTests.swift in Sources */,
			);
			runOnlyForDeploymentPostprocessing = 0;
		};
/* End PBXSourcesBuildPhase section */

/* Begin PBXTargetDependency section */
		718DCD192A57CD7C005D4414 /* PBXTargetDependency */ = {
			isa = PBXTargetDependency;
			target = 718DCD0B2A57CD7C005D4414 /* Squib */;
			targetProxy = 718DCD182A57CD7C005D4414 /* PBXContainerItemProxy */;
		};
/* End PBXTargetDependency section */

/* Begin XCBuildConfiguration section */
		718DCD1E2A57CD7C005D4414 /* Debug */ = {
			isa = XCBuildConfiguration;
			buildSettings = {
				ALWAYS_SEARCH_USER_PATHS = NO;
				CLANG_ANALYZER_NONNULL = YES;
				CLANG_ANALYZER_NUMBER_OBJECT_CONVERSION = YES_AGGRESSIVE;
				CLANG_CXX_LANGUAGE_STANDARD = "gnu++20";
				CLANG_ENABLE_MODULES = YES;
				CLANG_ENABLE_OBJC_ARC = YES;
				CLANG_ENABLE_OBJC_WEAK = YES;
				CLANG_WARN_BLOCK_CAPTURE_AUTORELEASING = YES;
				CLANG_WARN_BOOL_CONVERSION = YES;
				CLANG_WARN_COMMA = YES;
				CLANG_WARN_CONSTANT_CONVERSION = YES;
				CLANG_WARN_DEPRECATED_OBJC_IMPLEMENTATIONS = YES;
				CLANG_WARN_DIRECT_OBJC_ISA_USAGE = YES_ERROR;
				CLANG_WARN_DOCUMENTATION_COMMENTS = YES;
				CLANG_WARN_EMPTY_BODY = YES;
				CLANG_WARN_ENUM_CONVERSION = YES;
				CLANG_WARN_INFINITE_RECURSION = YES;
				CLANG_WARN_INT_CONVERSION = YES;
				CLANG_WARN_NON_LITERAL_NULL_CONVERSION = YES;
				CLANG_WARN_OBJC_IMPLICIT_RETAIN_SELF = YES;
				CLANG_WARN_OBJC_LITERAL_CONVERSION = YES;
				CLANG_WARN_OBJC_ROOT_CLASS = YES_ERROR;
				CLANG_WARN_QUOTED_INCLUDE_IN_FRAMEWORK_HEADER = YES;
				CLANG_WARN_RANGE_LOOP_ANALYSIS = YES;
				CLANG_WARN_STRICT_PROTOTYPES = YES;
				CLANG_WARN_SUSPICIOUS_MOVE = YES;
				CLANG_WARN_UNGUARDED_AVAILABILITY = YES_AGGRESSIVE;
				CLANG_WARN_UNREACHABLE_CODE = YES;
				CLANG_WARN__DUPLICATE_METHOD_MATCH = YES;
				COPY_PHASE_STRIP = NO;
				CURRENT_PROJECT_VERSION = 1;
				DEBUG_INFORMATION_FORMAT = dwarf;
				ENABLE_STRICT_OBJC_MSGSEND = YES;
				ENABLE_TESTABILITY = YES;
				GCC_C_LANGUAGE_STANDARD = gnu11;
				GCC_DYNAMIC_NO_PIC = NO;
				GCC_NO_COMMON_BLOCKS = YES;
				GCC_OPTIMIZATION_LEVEL = 0;
				GCC_PREPROCESSOR_DEFINITIONS = (
					"DEBUG=1",
					"$(inherited)",
				);
				GCC_WARN_64_TO_32_BIT_CONVERSION = YES;
				GCC_WARN_ABOUT_RETURN_TYPE = YES_ERROR;
				GCC_WARN_UNDECLARED_SELECTOR = YES;
				GCC_WARN_UNINITIALIZED_AUTOS = YES_AGGRESSIVE;
				GCC_WARN_UNUSED_FUNCTION = YES;
				GCC_WARN_UNUSED_VARIABLE = YES;
				IPHONEOS_DEPLOYMENT_TARGET = 16.0;
				MTL_ENABLE_DEBUG_INFO = INCLUDE_SOURCE;
				MTL_FAST_MATH = YES;
				ONLY_ACTIVE_ARCH = YES;
				SDKROOT = iphoneos;
				SWIFT_ACTIVE_COMPILATION_CONDITIONS = DEBUG;
				SWIFT_OPTIMIZATION_LEVEL = "-Onone";
				VERSIONING_SYSTEM = "apple-generic";
				VERSION_INFO_PREFIX = "";
			};
			name = Debug;
		};
		718DCD1F2A57CD7C005D4414 /* Release */ = {
			isa = XCBuildConfiguration;
			buildSettings = {
				ALWAYS_SEARCH_USER_PATHS = NO;
				CLANG_ANALYZER_NONNULL = YES;
				CLANG_ANALYZER_NUMBER_OBJECT_CONVERSION = YES_AGGRESSIVE;
				CLANG_CXX_LANGUAGE_STANDARD = "gnu++20";
				CLANG_ENABLE_MODULES = YES;
				CLANG_ENABLE_OBJC_ARC = YES;
				CLANG_ENABLE_OBJC_WEAK = YES;
				CLANG_WARN_BLOCK_CAPTURE_AUTORELEASING = YES;
				CLANG_WARN_BOOL_CONVERSION = YES;
				CLANG_WARN_COMMA = YES;
				CLANG_WARN_CONSTANT_CONVERSION = YES;
				CLANG_WARN_DEPRECATED_OBJC_IMPLEMENTATIONS = YES;
				CLANG_WARN_DIRECT_OBJC_ISA_USAGE = YES_ERROR;
				CLANG_WARN_DOCUMENTATION_COMMENTS = YES;
				CLANG_WARN_EMPTY_BODY = YES;
				CLANG_WARN_ENUM_CONVERSION = YES;
				CLANG_WARN_INFINITE_RECURSION = YES;
				CLANG_WARN_INT_CONVERSION = YES;
				CLANG_WARN_NON_LITERAL_NULL_CONVERSION = YES;
				CLANG_WARN_OBJC_IMPLICIT_RETAIN_SELF = YES;
				CLANG_WARN_OBJC_LITERAL_CONVERSION = YES;
				CLANG_WARN_OBJC_ROOT_CLASS = YES_ERROR;
				CLANG_WARN_QUOTED_INCLUDE_IN_FRAMEWORK_HEADER = YES;
				CLANG_WARN_RANGE_LOOP_ANALYSIS = YES;
				CLANG_WARN_STRICT_PROTOTYPES = YES;
				CLANG_WARN_SUSPICIOUS_MOVE = YES;
				CLANG_WARN_UNGUARDED_AVAILABILITY = YES_AGGRESSIVE;
				CLANG_WARN_UNREACHABLE_CODE = YES;
				CLANG_WARN__DUPLICATE_METHOD_MATCH = YES;
				COPY_PHASE_STRIP = NO;
				CURRENT_PROJECT_VERSION = 1;
				DEBUG_INFORMATION_FORMAT = "dwarf-with-dsym";
				ENABLE_NS_ASSERTIONS = NO;
				ENABLE_STRICT_OBJC_MSGSEND = YES;
				GCC_C_LANGUAGE_STANDARD = gnu11;
				GCC_NO_COMMON_BLOCKS = YES;
				GCC_WARN_64_TO_32_BIT_CONVERSION = YES;
				GCC_WARN_ABOUT_RETURN_TYPE = YES_ERROR;
				GCC_WARN_UNDECLARED_SELECTOR = YES;
				GCC_WARN_UNINITIALIZED_AUTOS = YES_AGGRESSIVE;
				GCC_WARN_UNUSED_FUNCTION = YES;
				GCC_WARN_UNUSED_VARIABLE = YES;
				IPHONEOS_DEPLOYMENT_TARGET = 16.0;
				MTL_ENABLE_DEBUG_INFO = NO;
				MTL_FAST_MATH = YES;
				SDKROOT = iphoneos;
				SWIFT_COMPILATION_MODE = wholemodule;
				SWIFT_OPTIMIZATION_LEVEL = "-O";
				VALIDATE_PRODUCT = YES;
				VERSIONING_SYSTEM = "apple-generic";
				VERSION_INFO_PREFIX = "";
			};
			name = Release;
		};
		718DCD212A57CD7C005D4414 /* Debug */ = {
			isa = XCBuildConfiguration;
			buildSettings = {
				CODE_SIGN_STYLE = Automatic;
				CURRENT_PROJECT_VERSION = 1;
				DEFINES_MODULE = YES;
				DEVELOPMENT_TEAM = 923Q86W73B;
				DYLIB_COMPATIBILITY_VERSION = 1;
				DYLIB_CURRENT_VERSION = 1;
				DYLIB_INSTALL_NAME_BASE = "@rpath";
				ENABLE_MODULE_VERIFIER = YES;
				GENERATE_INFOPLIST_FILE = YES;
				INFOPLIST_KEY_NSHumanReadableCopyright = "";
				INSTALL_PATH = "$(LOCAL_LIBRARY_DIR)/Frameworks";
				LD_RUNPATH_SEARCH_PATHS = (
					"$(inherited)",
					"@executable_path/Frameworks",
					"@loader_path/Frameworks",
				);
				MARKETING_VERSION = 1.0;
				MODULE_VERIFIER_SUPPORTED_LANGUAGES = "objective-c objective-c++";
				MODULE_VERIFIER_SUPPORTED_LANGUAGE_STANDARDS = "gnu11 gnu++20";
				PRODUCT_BUNDLE_IDENTIFIER = com.lzzet.package.Squib;
				PRODUCT_NAME = "$(TARGET_NAME:c99extidentifier)";
				SKIP_INSTALL = YES;
				SWIFT_EMIT_LOC_STRINGS = YES;
				SWIFT_VERSION = 5.0;
				TARGETED_DEVICE_FAMILY = "1,2";
			};
			name = Debug;
		};
		718DCD222A57CD7C005D4414 /* Release */ = {
			isa = XCBuildConfiguration;
			buildSettings = {
				CODE_SIGN_STYLE = Automatic;
				CURRENT_PROJECT_VERSION = 1;
				DEFINES_MODULE = YES;
				DEVELOPMENT_TEAM = 923Q86W73B;
				DYLIB_COMPATIBILITY_VERSION = 1;
				DYLIB_CURRENT_VERSION = 1;
				DYLIB_INSTALL_NAME_BASE = "@rpath";
				ENABLE_MODULE_VERIFIER = YES;
				GENERATE_INFOPLIST_FILE = YES;
				INFOPLIST_KEY_NSHumanReadableCopyright = "";
				INSTALL_PATH = "$(LOCAL_LIBRARY_DIR)/Frameworks";
				LD_RUNPATH_SEARCH_PATHS = (
					"$(inherited)",
					"@executable_path/Frameworks",
					"@loader_path/Frameworks",
				);
				MARKETING_VERSION = 1.0;
				MODULE_VERIFIER_SUPPORTED_LANGUAGES = "objective-c objective-c++";
				MODULE_VERIFIER_SUPPORTED_LANGUAGE_STANDARDS = "gnu11 gnu++20";
				PRODUCT_BUNDLE_IDENTIFIER = com.lzzet.package.Squib;
				PRODUCT_NAME = "$(TARGET_NAME:c99extidentifier)";
				SKIP_INSTALL = YES;
				SWIFT_EMIT_LOC_STRINGS = YES;
				SWIFT_VERSION = 5.0;
				TARGETED_DEVICE_FAMILY = "1,2";
			};
			name = Release;
		};
		718DCD242A57CD7C005D4414 /* Debug */ = {
			isa = XCBuildConfiguration;
			buildSettings = {
				ALWAYS_EMBED_SWIFT_STANDARD_LIBRARIES = YES;
				CODE_SIGN_STYLE = Automatic;
				CURRENT_PROJECT_VERSION = 1;
				DEVELOPMENT_TEAM = 923Q86W73B;
				GENERATE_INFOPLIST_FILE = YES;
				MARKETING_VERSION = 1.0;
				PRODUCT_BUNDLE_IDENTIFIER = com.lzzet.package.SquibTests;
				PRODUCT_NAME = "$(TARGET_NAME)";
				SWIFT_EMIT_LOC_STRINGS = NO;
				SWIFT_VERSION = 5.0;
				TARGETED_DEVICE_FAMILY = "1,2";
			};
			name = Debug;
		};
		718DCD252A57CD7C005D4414 /* Release */ = {
			isa = XCBuildConfiguration;
			buildSettings = {
				ALWAYS_EMBED_SWIFT_STANDARD_LIBRARIES = YES;
				CODE_SIGN_STYLE = Automatic;
				CURRENT_PROJECT_VERSION = 1;
				DEVELOPMENT_TEAM = 923Q86W73B;
				GENERATE_INFOPLIST_FILE = YES;
				MARKETING_VERSION = 1.0;
				PRODUCT_BUNDLE_IDENTIFIER = com.lzzet.package.SquibTests;
				PRODUCT_NAME = "$(TARGET_NAME)";
				SWIFT_EMIT_LOC_STRINGS = NO;
				SWIFT_VERSION = 5.0;
				TARGETED_DEVICE_FAMILY = "1,2";
			};
			name = Release;
		};
/* End XCBuildConfiguration section */

/* Begin XCConfigurationList section */
		718DCD062A57CD7C005D4414 /* Build configuration list for PBXProject "Squib" */ = {
			isa = XCConfigurationList;
			buildConfigurations = (
				718DCD1E2A57CD7C005D4414 /* Debug */,
				718DCD1F2A57CD7C005D4414 /* Release */,
			);
			defaultConfigurationIsVisible = 0;
			defaultConfigurationName = Release;
		};
		718DCD202A57CD7C005D4414 /* Build configuration list for PBXNativeTarget "Squib" */ = {
			isa = XCConfigurationList;
			buildConfigurations = (
				718DCD212A57CD7C005D4414 /* Debug */,
				718DCD222A57CD7C005D4414 /* Release */,
			);
			defaultConfigurationIsVisible = 0;
			defaultConfigurationName = Release;
		};
		718DCD232A57CD7C005D4414 /* Build configuration list for PBXNativeTarget "SquibTests" */ = {
			isa = XCConfigurationList;
			buildConfigurations = (
				718DCD242A57CD7C005D4414 /* Debug */,
				718DCD252A57CD7C005D4414 /* Release */,
			);
			defaultConfigurationIsVisible = 0;
			defaultConfigurationName = Release;
		};
/* End XCConfigurationList section */

/* Begin XCRemoteSwiftPackageReference section */
		718DCD292A57CFBA005D4414 /* XCRemoteSwiftPackageReference "Runtime" */ = {
			isa = XCRemoteSwiftPackageReference;
			repositoryURL = "https://github.com/wickwirew/Runtime.git";
			requirement = {
				kind = upToNextMajorVersion;
				minimumVersion = 2.0.0;
			};
		};
/* End XCRemoteSwiftPackageReference section */

/* Begin XCSwiftPackageProductDependency section */
		718DCD2A2A57CFBA005D4414 /* Runtime */ = {
			isa = XCSwiftPackageProductDependency;
			package = 718DCD292A57CFBA005D4414 /* XCRemoteSwiftPackageReference "Runtime" */;
			productName = Runtime;
		};
/* End XCSwiftPackageProductDependency section */
	};
	rootObject = 718DCD032A57CD7C005D4414 /* Project object */;
}
